// !$*UTF8*$!
{
	archiveVersion = 1;
	classes = {
	};
	objectVersion = 46;
	objects = {

/* Begin PBXBuildFile section */
		1F12FAC31C3AABB9000AC1A3 /* AppDelegate.swift in Sources */ = {isa = PBXBuildFile; fileRef = 1F12FAC21C3AABB9000AC1A3 /* AppDelegate.swift */; };
		1F12FACA1C3AABB9000AC1A3 /* Assets.xcassets in Resources */ = {isa = PBXBuildFile; fileRef = 1F12FAC91C3AABB9000AC1A3 /* Assets.xcassets */; };
		1F12FACD1C3AABB9000AC1A3 /* LaunchScreen.storyboard in Resources */ = {isa = PBXBuildFile; fileRef = 1F12FACB1C3AABB9000AC1A3 /* LaunchScreen.storyboard */; };
		1F1E04EE1C45329C005006FC /* MetaTableViewController.swift in Sources */ = {isa = PBXBuildFile; fileRef = 1F1E04ED1C45329C005006FC /* MetaTableViewController.swift */; };
		1F1E04F11C4535F9005006FC /* MetaTableViewModeling.swift in Sources */ = {isa = PBXBuildFile; fileRef = 1F1E04F01C4535F9005006FC /* MetaTableViewModeling.swift */; };
		1F1E04F31C453605005006FC /* MetaTableViewModel.swift in Sources */ = {isa = PBXBuildFile; fileRef = 1F1E04F21C453605005006FC /* MetaTableViewModel.swift */; };
		1F1E04F51C453618005006FC /* MetaTableViewCellModeling.swift in Sources */ = {isa = PBXBuildFile; fileRef = 1F1E04F41C453618005006FC /* MetaTableViewCellModeling.swift */; };
		1F1E04F71C453638005006FC /* MetaTableViewCellModel.swift in Sources */ = {isa = PBXBuildFile; fileRef = 1F1E04F61C453638005006FC /* MetaTableViewCellModel.swift */; };
		1F1E04F91C4536BB005006FC /* MetaTableViewCell.swift in Sources */ = {isa = PBXBuildFile; fileRef = 1F1E04F81C4536BB005006FC /* MetaTableViewCell.swift */; };
		1F1E05011C4574C5005006FC /* NameWithCountRepresentable.swift in Sources */ = {isa = PBXBuildFile; fileRef = 1F1E05001C4574C5005006FC /* NameWithCountRepresentable.swift */; };
		1F70EE901C43B34A008AC4F2 /* TaskDetailViewModeling.swift in Sources */ = {isa = PBXBuildFile; fileRef = 1F70EE8F1C43B34A008AC4F2 /* TaskDetailViewModeling.swift */; };
		1F70EE921C43B36C008AC4F2 /* TaskDetailViewModel.swift in Sources */ = {isa = PBXBuildFile; fileRef = 1F70EE911C43B36C008AC4F2 /* TaskDetailViewModel.swift */; };
		1F70EE961C43B6AC008AC4F2 /* TaskDetailViewController.swift in Sources */ = {isa = PBXBuildFile; fileRef = 1F70EE951C43B6AC008AC4F2 /* TaskDetailViewController.swift */; };
		1F70EE9C1C440D41008AC4F2 /* Project.swift in Sources */ = {isa = PBXBuildFile; fileRef = 1F70EE9B1C440D41008AC4F2 /* Project.swift */; };
		1F70EE9E1C441779008AC4F2 /* Tag.swift in Sources */ = {isa = PBXBuildFile; fileRef = 1F70EE9D1C441779008AC4F2 /* Tag.swift */; };
		1F74C6FE1C419357001F812B /* NSManagedObjectContext+extensions.swift in Sources */ = {isa = PBXBuildFile; fileRef = 1F74C6FD1C419357001F812B /* NSManagedObjectContext+extensions.swift */; };
		1F78AC721C402D88006F17D2 /* ProjectTableViewCellSpec.swift in Sources */ = {isa = PBXBuildFile; fileRef = 1F78AC711C402D88006F17D2 /* ProjectTableViewCellSpec.swift */; };
		1F79B7B01C3FFF2600976A35 /* UIViewController+extensions.swift in Sources */ = {isa = PBXBuildFile; fileRef = 1F79B7AF1C3FFF2600976A35 /* UIViewController+extensions.swift */; };
		1F8697711C3AAF4F00CB3FFE /* Alamofire.framework in Frameworks */ = {isa = PBXBuildFile; fileRef = 1F8697671C3AAF4F00CB3FFE /* Alamofire.framework */; };
		1F8697721C3AAF4F00CB3FFE /* Cartography.framework in Frameworks */ = {isa = PBXBuildFile; fileRef = 1F8697681C3AAF4F00CB3FFE /* Cartography.framework */; };
		1F8697731C3AAF4F00CB3FFE /* Himotoki.framework in Frameworks */ = {isa = PBXBuildFile; fileRef = 1F8697691C3AAF4F00CB3FFE /* Himotoki.framework */; };
		1F8697761C3AAF4F00CB3FFE /* RxBlocking.framework in Frameworks */ = {isa = PBXBuildFile; fileRef = 1F86976C1C3AAF4F00CB3FFE /* RxBlocking.framework */; };
		1F8697771C3AAF4F00CB3FFE /* RxCocoa.framework in Frameworks */ = {isa = PBXBuildFile; fileRef = 1F86976D1C3AAF4F00CB3FFE /* RxCocoa.framework */; };
		1F8697781C3AAF4F00CB3FFE /* RxSwift.framework in Frameworks */ = {isa = PBXBuildFile; fileRef = 1F86976E1C3AAF4F00CB3FFE /* RxSwift.framework */; };
		1F86977A1C3AAF4F00CB3FFE /* Swinject.framework in Frameworks */ = {isa = PBXBuildFile; fileRef = 1F8697701C3AAF4F00CB3FFE /* Swinject.framework */; };
		1F8697871C3AAFF100CB3FFE /* Alamofire.framework.dSYM in CopyFiles */ = {isa = PBXBuildFile; fileRef = 1F86977D1C3AAFF100CB3FFE /* Alamofire.framework.dSYM */; };
		1F8697881C3AAFF100CB3FFE /* Cartography.framework.dSYM in CopyFiles */ = {isa = PBXBuildFile; fileRef = 1F86977E1C3AAFF100CB3FFE /* Cartography.framework.dSYM */; };
		1F8697891C3AAFF100CB3FFE /* Himotoki.framework.dSYM in CopyFiles */ = {isa = PBXBuildFile; fileRef = 1F86977F1C3AAFF100CB3FFE /* Himotoki.framework.dSYM */; };
		1F86978C1C3AAFF100CB3FFE /* RxBlocking.framework.dSYM in CopyFiles */ = {isa = PBXBuildFile; fileRef = 1F8697821C3AAFF100CB3FFE /* RxBlocking.framework.dSYM */; };
		1F86978D1C3AAFF100CB3FFE /* RxCocoa.framework.dSYM in CopyFiles */ = {isa = PBXBuildFile; fileRef = 1F8697831C3AAFF100CB3FFE /* RxCocoa.framework.dSYM */; };
		1F86978E1C3AAFF100CB3FFE /* RxSwift.framework.dSYM in CopyFiles */ = {isa = PBXBuildFile; fileRef = 1F8697841C3AAFF100CB3FFE /* RxSwift.framework.dSYM */; };
		1F8697901C3AAFF100CB3FFE /* Swinject.framework.dSYM in CopyFiles */ = {isa = PBXBuildFile; fileRef = 1F8697861C3AAFF100CB3FFE /* Swinject.framework.dSYM */; };
		1F8697911C3AB41900CB3FFE /* Nimble.framework in Frameworks */ = {isa = PBXBuildFile; fileRef = 1F86976A1C3AAF4F00CB3FFE /* Nimble.framework */; };
		1F8697921C3AB41900CB3FFE /* Quick.framework in Frameworks */ = {isa = PBXBuildFile; fileRef = 1F86976B1C3AAF4F00CB3FFE /* Quick.framework */; };
		1F8697931C3AB41900CB3FFE /* RxTests.framework in Frameworks */ = {isa = PBXBuildFile; fileRef = 1F86976F1C3AAF4F00CB3FFE /* RxTests.framework */; };
		1F8697A41C3AB4F400CB3FFE /* Nimble.framework.dSYM in CopyFiles */ = {isa = PBXBuildFile; fileRef = 1F8697A11C3AB4F400CB3FFE /* Nimble.framework.dSYM */; };
		1F8697A51C3AB4F400CB3FFE /* Quick.framework.dSYM in CopyFiles */ = {isa = PBXBuildFile; fileRef = 1F8697A21C3AB4F400CB3FFE /* Quick.framework.dSYM */; };
		1F8697A61C3AB4F400CB3FFE /* RxTests.framework.dSYM in CopyFiles */ = {isa = PBXBuildFile; fileRef = 1F8697A31C3AB4F400CB3FFE /* RxTests.framework.dSYM */; };
		1F8697B01C3AB77900CB3FFE /* TaskEntity.swift in Sources */ = {isa = PBXBuildFile; fileRef = 1F8697AF1C3AB77900CB3FFE /* TaskEntity.swift */; };
		1F8697B21C3ACCA000CB3FFE /* ProjectEntity.swift in Sources */ = {isa = PBXBuildFile; fileRef = 1F8697B11C3ACCA000CB3FFE /* ProjectEntity.swift */; };
		1F8697B51C3AD63800CB3FFE /* Dummy.swift in Sources */ = {isa = PBXBuildFile; fileRef = 1F8697B41C3AD63800CB3FFE /* Dummy.swift */; };
		1F8697B71C3AD64E00CB3FFE /* TaskEntitySpec.swift in Sources */ = {isa = PBXBuildFile; fileRef = 1F8697B61C3AD64E00CB3FFE /* TaskEntitySpec.swift */; };
		1F8697BC1C3AFD2B00CB3FFE /* ProjectEntitySpec.swift in Sources */ = {isa = PBXBuildFile; fileRef = 1F8697BB1C3AFD2B00CB3FFE /* ProjectEntitySpec.swift */; };
		1F8697BE1C3B004600CB3FFE /* UITestSample.swift in Sources */ = {isa = PBXBuildFile; fileRef = 1F8697BD1C3B004600CB3FFE /* UITestSample.swift */; };
		1F8697C11C3B070500CB3FFE /* Networking.swift in Sources */ = {isa = PBXBuildFile; fileRef = 1F8697C01C3B070500CB3FFE /* Networking.swift */; };
		1F8697C31C3B072500CB3FFE /* Network.swift in Sources */ = {isa = PBXBuildFile; fileRef = 1F8697C21C3B072500CB3FFE /* Network.swift */; };
		1F8697C51C3B080D00CB3FFE /* NetworkError.swift in Sources */ = {isa = PBXBuildFile; fileRef = 1F8697C41C3B080D00CB3FFE /* NetworkError.swift */; };
		1F8697C71C3B0D5900CB3FFE /* NetworkSpec.swift in Sources */ = {isa = PBXBuildFile; fileRef = 1F8697C61C3B0D5900CB3FFE /* NetworkSpec.swift */; };
		1F86CA341C4698B100A48A8F /* ProjectSpec.swift in Sources */ = {isa = PBXBuildFile; fileRef = 1F86CA331C4698B100A48A8F /* ProjectSpec.swift */; };
		1F86CA361C46991E00A48A8F /* CoreDataHelpers.swift in Sources */ = {isa = PBXBuildFile; fileRef = 1F86CA351C46991E00A48A8F /* CoreDataHelpers.swift */; };
		1F8726B21C3BB14E00EEA569 /* Intheam.swift in Sources */ = {isa = PBXBuildFile; fileRef = 1F8726B11C3BB14E00EEA569 /* Intheam.swift */; };
		1F8726B41C3BB43800EEA569 /* AppKey.plist in Resources */ = {isa = PBXBuildFile; fileRef = 1F8726B31C3BB43800EEA569 /* AppKey.plist */; };
		1F8726B61C3BB7E800EEA569 /* TaskGrabbing.swift in Sources */ = {isa = PBXBuildFile; fileRef = 1F8726B51C3BB7E800EEA569 /* TaskGrabbing.swift */; };
		1F8726B81C3BB87C00EEA569 /* TaskGrab.swift in Sources */ = {isa = PBXBuildFile; fileRef = 1F8726B71C3BB87C00EEA569 /* TaskGrab.swift */; };
		1F8726BA1C3BBCB700EEA569 /* ResponseEntity.swift in Sources */ = {isa = PBXBuildFile; fileRef = 1F8726B91C3BBCB700EEA569 /* ResponseEntity.swift */; };
		1F8726BC1C3BBE6900EEA569 /* ResponseEntitySpec.swift in Sources */ = {isa = PBXBuildFile; fileRef = 1F8726BB1C3BBE6900EEA569 /* ResponseEntitySpec.swift */; };
		1F8726BF1C3BD2FB00EEA569 /* TaskGrabSpec.swift in Sources */ = {isa = PBXBuildFile; fileRef = 1F8726BE1C3BD2FB00EEA569 /* TaskGrabSpec.swift */; };
		1F8726C11C3C265000EEA569 /* ProjectsTableViewController.swift in Sources */ = {isa = PBXBuildFile; fileRef = 1F8726C01C3C265000EEA569 /* ProjectsTableViewController.swift */; };
		1F8726C31C3C273100EEA569 /* ProjectTableViewCell.swift in Sources */ = {isa = PBXBuildFile; fileRef = 1F8726C21C3C273100EEA569 /* ProjectTableViewCell.swift */; };
		1F8726C51C3C27E000EEA569 /* Main.storyboard in Resources */ = {isa = PBXBuildFile; fileRef = 1F8726C41C3C27E000EEA569 /* Main.storyboard */; };
		1F8726C71C3C2D2400EEA569 /* TasksTableViewController.swift in Sources */ = {isa = PBXBuildFile; fileRef = 1F8726C61C3C2D2400EEA569 /* TasksTableViewController.swift */; };
		1F8726C91C3C2D3200EEA569 /* TaskTableViewCell.swift in Sources */ = {isa = PBXBuildFile; fileRef = 1F8726C81C3C2D3200EEA569 /* TaskTableViewCell.swift */; };
		1F8726CB1C3C2E0C00EEA569 /* TasksTableViewModeling.swift in Sources */ = {isa = PBXBuildFile; fileRef = 1F8726CA1C3C2E0C00EEA569 /* TasksTableViewModeling.swift */; };
		1F8726CD1C3C2E1C00EEA569 /* TasksTableViewModel.swift in Sources */ = {isa = PBXBuildFile; fileRef = 1F8726CC1C3C2E1C00EEA569 /* TasksTableViewModel.swift */; };
		1F8726CF1C3C2ED100EEA569 /* TaskTableViewCellModeling.swift in Sources */ = {isa = PBXBuildFile; fileRef = 1F8726CE1C3C2ED100EEA569 /* TaskTableViewCellModeling.swift */; };
		1F8726D11C3C2EDB00EEA569 /* TaskTableViewCellModel.swift in Sources */ = {isa = PBXBuildFile; fileRef = 1F8726D01C3C2EDB00EEA569 /* TaskTableViewCellModel.swift */; };
		1F8726D31C3C37DE00EEA569 /* AppDelegateSpec.swift in Sources */ = {isa = PBXBuildFile; fileRef = 1F8726D21C3C37DE00EEA569 /* AppDelegateSpec.swift */; };
		1F8726D51C3C54D700EEA569 /* DummyResponse.swift in Sources */ = {isa = PBXBuildFile; fileRef = 1F8726D41C3C54D700EEA569 /* DummyResponse.swift */; };
		1F8726D71C3C56C900EEA569 /* TasksTableViewModelSpec.swift in Sources */ = {isa = PBXBuildFile; fileRef = 1F8726D61C3C56C900EEA569 /* TasksTableViewModelSpec.swift */; };
		1F8726D91C3C5F2100EEA569 /* TaskTableViewCellSpec.swift in Sources */ = {isa = PBXBuildFile; fileRef = 1F8726D81C3C5F2100EEA569 /* TaskTableViewCellSpec.swift */; };
		1FED43A51C4112270085A5A2 /* TaskBerserk.xcdatamodeld in Sources */ = {isa = PBXBuildFile; fileRef = 1FED43A31C4112270085A5A2 /* TaskBerserk.xcdatamodeld */; };
		1FED43A71C41159D0085A5A2 /* Task.swift in Sources */ = {isa = PBXBuildFile; fileRef = 1FED43A61C41159D0085A5A2 /* Task.swift */; };
		1FED43A91C4115DD0085A5A2 /* ManagedObject.swift in Sources */ = {isa = PBXBuildFile; fileRef = 1FED43A81C4115DD0085A5A2 /* ManagedObject.swift */; };
		1FED43AB1C4119690085A5A2 /* CoreDataStack.swift in Sources */ = {isa = PBXBuildFile; fileRef = 1FED43AA1C4119690085A5A2 /* CoreDataStack.swift */; };
		1FED43AD1C4119FD0085A5A2 /* NSURL+extensions.swift in Sources */ = {isa = PBXBuildFile; fileRef = 1FED43AC1C4119FD0085A5A2 /* NSURL+extensions.swift */; };
		1FED43B01C41200F0085A5A2 /* ManagedObjectContextSettable.swift in Sources */ = {isa = PBXBuildFile; fileRef = 1FED43AF1C41200F0085A5A2 /* ManagedObjectContextSettable.swift */; };
		1FED43B21C4142B40085A5A2 /* FetchedResultsDataProvider.swift in Sources */ = {isa = PBXBuildFile; fileRef = 1FED43B11C4142B40085A5A2 /* FetchedResultsDataProvider.swift */; };
		1FED43B41C4143620085A5A2 /* DataProvider.swift in Sources */ = {isa = PBXBuildFile; fileRef = 1FED43B31C4143620085A5A2 /* DataProvider.swift */; };
		1FFDFE241C3E687C00DA25DD /* TasksTableViewControllerSpec.swift in Sources */ = {isa = PBXBuildFile; fileRef = 1FFDFE231C3E687C00DA25DD /* TasksTableViewControllerSpec.swift */; };
		1FFDFE501C3ED8CC00DA25DD /* ProjectsTableViewModeling.swift in Sources */ = {isa = PBXBuildFile; fileRef = 1FFDFE4F1C3ED8CC00DA25DD /* ProjectsTableViewModeling.swift */; };
		1FFDFE521C3ED8DD00DA25DD /* ProjectsTableViewModel.swift in Sources */ = {isa = PBXBuildFile; fileRef = 1FFDFE511C3ED8DD00DA25DD /* ProjectsTableViewModel.swift */; };
		1FFDFE541C3ED92900DA25DD /* ProjectTableViewCellModeling.swift in Sources */ = {isa = PBXBuildFile; fileRef = 1FFDFE531C3ED92900DA25DD /* ProjectTableViewCellModeling.swift */; };
		1FFDFE561C3ED93600DA25DD /* ProjectTableViewCellModel.swift in Sources */ = {isa = PBXBuildFile; fileRef = 1FFDFE551C3ED93600DA25DD /* ProjectTableViewCellModel.swift */; };
/* End PBXBuildFile section */

/* Begin PBXContainerItemProxy section */
		1F12FAD41C3AABB9000AC1A3 /* PBXContainerItemProxy */ = {
			isa = PBXContainerItemProxy;
			containerPortal = 1F12FAB71C3AABB9000AC1A3 /* Project object */;
			proxyType = 1;
			remoteGlobalIDString = 1F12FABE1C3AABB9000AC1A3;
			remoteInfo = TaskBerserk;
		};
		1F12FADF1C3AABB9000AC1A3 /* PBXContainerItemProxy */ = {
			isa = PBXContainerItemProxy;
			containerPortal = 1F12FAB71C3AABB9000AC1A3 /* Project object */;
			proxyType = 1;
			remoteGlobalIDString = 1F12FABE1C3AABB9000AC1A3;
			remoteInfo = TaskBerserk;
		};
/* End PBXContainerItemProxy section */

/* Begin PBXCopyFilesBuildPhase section */
		1F86977B1C3AAF5B00CB3FFE /* CopyFiles */ = {
			isa = PBXCopyFilesBuildPhase;
			buildActionMask = 2147483647;
			dstPath = "";
			dstSubfolderSpec = 16;
			files = (
				1F8697871C3AAFF100CB3FFE /* Alamofire.framework.dSYM in CopyFiles */,
				1F8697881C3AAFF100CB3FFE /* Cartography.framework.dSYM in CopyFiles */,
				1F8697891C3AAFF100CB3FFE /* Himotoki.framework.dSYM in CopyFiles */,
				1F86978C1C3AAFF100CB3FFE /* RxBlocking.framework.dSYM in CopyFiles */,
				1F86978D1C3AAFF100CB3FFE /* RxCocoa.framework.dSYM in CopyFiles */,
				1F86978E1C3AAFF100CB3FFE /* RxSwift.framework.dSYM in CopyFiles */,
				1F8697901C3AAFF100CB3FFE /* Swinject.framework.dSYM in CopyFiles */,
			);
			runOnlyForDeploymentPostprocessing = 0;
		};
		1F8697A01C3AB4E600CB3FFE /* CopyFiles */ = {
			isa = PBXCopyFilesBuildPhase;
			buildActionMask = 2147483647;
			dstPath = "";
			dstSubfolderSpec = 16;
			files = (
				1F8697A41C3AB4F400CB3FFE /* Nimble.framework.dSYM in CopyFiles */,
				1F8697A51C3AB4F400CB3FFE /* Quick.framework.dSYM in CopyFiles */,
				1F8697A61C3AB4F400CB3FFE /* RxTests.framework.dSYM in CopyFiles */,
			);
			runOnlyForDeploymentPostprocessing = 0;
		};
/* End PBXCopyFilesBuildPhase section */

/* Begin PBXFileReference section */
		1F12FABF1C3AABB9000AC1A3 /* TaskBerserk.app */ = {isa = PBXFileReference; explicitFileType = wrapper.application; includeInIndex = 0; path = TaskBerserk.app; sourceTree = BUILT_PRODUCTS_DIR; };
		1F12FAC21C3AABB9000AC1A3 /* AppDelegate.swift */ = {isa = PBXFileReference; lastKnownFileType = sourcecode.swift; path = AppDelegate.swift; sourceTree = "<group>"; };
		1F12FAC91C3AABB9000AC1A3 /* Assets.xcassets */ = {isa = PBXFileReference; lastKnownFileType = folder.assetcatalog; path = Assets.xcassets; sourceTree = "<group>"; };
		1F12FACC1C3AABB9000AC1A3 /* Base */ = {isa = PBXFileReference; lastKnownFileType = file.storyboard; name = Base; path = Base.lproj/LaunchScreen.storyboard; sourceTree = "<group>"; };
		1F12FACE1C3AABB9000AC1A3 /* Info.plist */ = {isa = PBXFileReference; lastKnownFileType = text.plist.xml; path = Info.plist; sourceTree = "<group>"; };
		1F12FAD31C3AABB9000AC1A3 /* TaskBerserkTests.xctest */ = {isa = PBXFileReference; explicitFileType = wrapper.cfbundle; includeInIndex = 0; path = TaskBerserkTests.xctest; sourceTree = BUILT_PRODUCTS_DIR; };
		1F12FAD91C3AABB9000AC1A3 /* Info.plist */ = {isa = PBXFileReference; lastKnownFileType = text.plist.xml; path = Info.plist; sourceTree = "<group>"; };
		1F12FADE1C3AABB9000AC1A3 /* TaskBerserkUITests.xctest */ = {isa = PBXFileReference; explicitFileType = wrapper.cfbundle; includeInIndex = 0; path = TaskBerserkUITests.xctest; sourceTree = BUILT_PRODUCTS_DIR; };
		1F12FAE41C3AABB9000AC1A3 /* Info.plist */ = {isa = PBXFileReference; lastKnownFileType = text.plist.xml; path = Info.plist; sourceTree = "<group>"; };
		1F1E04ED1C45329C005006FC /* MetaTableViewController.swift */ = {isa = PBXFileReference; fileEncoding = 4; lastKnownFileType = sourcecode.swift; path = MetaTableViewController.swift; sourceTree = "<group>"; };
		1F1E04F01C4535F9005006FC /* MetaTableViewModeling.swift */ = {isa = PBXFileReference; fileEncoding = 4; lastKnownFileType = sourcecode.swift; path = MetaTableViewModeling.swift; sourceTree = "<group>"; };
		1F1E04F21C453605005006FC /* MetaTableViewModel.swift */ = {isa = PBXFileReference; fileEncoding = 4; lastKnownFileType = sourcecode.swift; path = MetaTableViewModel.swift; sourceTree = "<group>"; };
		1F1E04F41C453618005006FC /* MetaTableViewCellModeling.swift */ = {isa = PBXFileReference; fileEncoding = 4; lastKnownFileType = sourcecode.swift; path = MetaTableViewCellModeling.swift; sourceTree = "<group>"; };
		1F1E04F61C453638005006FC /* MetaTableViewCellModel.swift */ = {isa = PBXFileReference; fileEncoding = 4; lastKnownFileType = sourcecode.swift; path = MetaTableViewCellModel.swift; sourceTree = "<group>"; };
		1F1E04F81C4536BB005006FC /* MetaTableViewCell.swift */ = {isa = PBXFileReference; fileEncoding = 4; lastKnownFileType = sourcecode.swift; path = MetaTableViewCell.swift; sourceTree = "<group>"; };
		1F1E05001C4574C5005006FC /* NameWithCountRepresentable.swift */ = {isa = PBXFileReference; fileEncoding = 4; lastKnownFileType = sourcecode.swift; path = NameWithCountRepresentable.swift; sourceTree = "<group>"; };
		1F70EE8F1C43B34A008AC4F2 /* TaskDetailViewModeling.swift */ = {isa = PBXFileReference; fileEncoding = 4; lastKnownFileType = sourcecode.swift; lineEnding = 0; path = TaskDetailViewModeling.swift; sourceTree = "<group>"; xcLanguageSpecificationIdentifier = xcode.lang.swift; };
		1F70EE911C43B36C008AC4F2 /* TaskDetailViewModel.swift */ = {isa = PBXFileReference; fileEncoding = 4; lastKnownFileType = sourcecode.swift; lineEnding = 0; path = TaskDetailViewModel.swift; sourceTree = "<group>"; xcLanguageSpecificationIdentifier = xcode.lang.swift; };
		1F70EE951C43B6AC008AC4F2 /* TaskDetailViewController.swift */ = {isa = PBXFileReference; fileEncoding = 4; lastKnownFileType = sourcecode.swift; lineEnding = 0; path = TaskDetailViewController.swift; sourceTree = "<group>"; xcLanguageSpecificationIdentifier = xcode.lang.swift; };
		1F70EE9B1C440D41008AC4F2 /* Project.swift */ = {isa = PBXFileReference; fileEncoding = 4; lastKnownFileType = sourcecode.swift; path = Project.swift; sourceTree = "<group>"; };
		1F70EE9D1C441779008AC4F2 /* Tag.swift */ = {isa = PBXFileReference; fileEncoding = 4; lastKnownFileType = sourcecode.swift; path = Tag.swift; sourceTree = "<group>"; };
		1F74C6FD1C419357001F812B /* NSManagedObjectContext+extensions.swift */ = {isa = PBXFileReference; fileEncoding = 4; lastKnownFileType = sourcecode.swift; path = "NSManagedObjectContext+extensions.swift"; sourceTree = "<group>"; };
		1F78AC711C402D88006F17D2 /* ProjectTableViewCellSpec.swift */ = {isa = PBXFileReference; fileEncoding = 4; lastKnownFileType = sourcecode.swift; path = ProjectTableViewCellSpec.swift; sourceTree = "<group>"; };
		1F79B7AF1C3FFF2600976A35 /* UIViewController+extensions.swift */ = {isa = PBXFileReference; fileEncoding = 4; lastKnownFileType = sourcecode.swift; path = "UIViewController+extensions.swift"; sourceTree = "<group>"; };
		1F8697671C3AAF4F00CB3FFE /* Alamofire.framework */ = {isa = PBXFileReference; lastKnownFileType = wrapper.framework; name = Alamofire.framework; path = Carthage/Build/iOS/Alamofire.framework; sourceTree = "<group>"; };
		1F8697681C3AAF4F00CB3FFE /* Cartography.framework */ = {isa = PBXFileReference; lastKnownFileType = wrapper.framework; name = Cartography.framework; path = Carthage/Build/iOS/Cartography.framework; sourceTree = "<group>"; };
		1F8697691C3AAF4F00CB3FFE /* Himotoki.framework */ = {isa = PBXFileReference; lastKnownFileType = wrapper.framework; name = Himotoki.framework; path = Carthage/Build/iOS/Himotoki.framework; sourceTree = "<group>"; };
		1F86976A1C3AAF4F00CB3FFE /* Nimble.framework */ = {isa = PBXFileReference; lastKnownFileType = wrapper.framework; name = Nimble.framework; path = Carthage/Build/iOS/Nimble.framework; sourceTree = "<group>"; };
		1F86976B1C3AAF4F00CB3FFE /* Quick.framework */ = {isa = PBXFileReference; lastKnownFileType = wrapper.framework; name = Quick.framework; path = Carthage/Build/iOS/Quick.framework; sourceTree = "<group>"; };
		1F86976C1C3AAF4F00CB3FFE /* RxBlocking.framework */ = {isa = PBXFileReference; lastKnownFileType = wrapper.framework; name = RxBlocking.framework; path = Carthage/Build/iOS/RxBlocking.framework; sourceTree = "<group>"; };
		1F86976D1C3AAF4F00CB3FFE /* RxCocoa.framework */ = {isa = PBXFileReference; lastKnownFileType = wrapper.framework; name = RxCocoa.framework; path = Carthage/Build/iOS/RxCocoa.framework; sourceTree = "<group>"; };
		1F86976E1C3AAF4F00CB3FFE /* RxSwift.framework */ = {isa = PBXFileReference; lastKnownFileType = wrapper.framework; name = RxSwift.framework; path = Carthage/Build/iOS/RxSwift.framework; sourceTree = "<group>"; };
		1F86976F1C3AAF4F00CB3FFE /* RxTests.framework */ = {isa = PBXFileReference; lastKnownFileType = wrapper.framework; name = RxTests.framework; path = Carthage/Build/iOS/RxTests.framework; sourceTree = "<group>"; };
		1F8697701C3AAF4F00CB3FFE /* Swinject.framework */ = {isa = PBXFileReference; lastKnownFileType = wrapper.framework; name = Swinject.framework; path = Carthage/Build/iOS/Swinject.framework; sourceTree = "<group>"; };
		1F86977D1C3AAFF100CB3FFE /* Alamofire.framework.dSYM */ = {isa = PBXFileReference; lastKnownFileType = wrapper.dsym; name = Alamofire.framework.dSYM; path = Carthage/Build/iOS/Alamofire.framework.dSYM; sourceTree = "<group>"; };
		1F86977E1C3AAFF100CB3FFE /* Cartography.framework.dSYM */ = {isa = PBXFileReference; lastKnownFileType = wrapper.dsym; name = Cartography.framework.dSYM; path = Carthage/Build/iOS/Cartography.framework.dSYM; sourceTree = "<group>"; };
		1F86977F1C3AAFF100CB3FFE /* Himotoki.framework.dSYM */ = {isa = PBXFileReference; lastKnownFileType = wrapper.dsym; name = Himotoki.framework.dSYM; path = Carthage/Build/iOS/Himotoki.framework.dSYM; sourceTree = "<group>"; };
		1F8697821C3AAFF100CB3FFE /* RxBlocking.framework.dSYM */ = {isa = PBXFileReference; lastKnownFileType = wrapper.dsym; name = RxBlocking.framework.dSYM; path = Carthage/Build/iOS/RxBlocking.framework.dSYM; sourceTree = "<group>"; };
		1F8697831C3AAFF100CB3FFE /* RxCocoa.framework.dSYM */ = {isa = PBXFileReference; lastKnownFileType = wrapper.dsym; name = RxCocoa.framework.dSYM; path = Carthage/Build/iOS/RxCocoa.framework.dSYM; sourceTree = "<group>"; };
		1F8697841C3AAFF100CB3FFE /* RxSwift.framework.dSYM */ = {isa = PBXFileReference; lastKnownFileType = wrapper.dsym; name = RxSwift.framework.dSYM; path = Carthage/Build/iOS/RxSwift.framework.dSYM; sourceTree = "<group>"; };
		1F8697861C3AAFF100CB3FFE /* Swinject.framework.dSYM */ = {isa = PBXFileReference; lastKnownFileType = wrapper.dsym; name = Swinject.framework.dSYM; path = Carthage/Build/iOS/Swinject.framework.dSYM; sourceTree = "<group>"; };
		1F86979A1C3AB4BE00CB3FFE /* Nimble.framework.dSYM */ = {isa = PBXFileReference; lastKnownFileType = wrapper.dsym; name = Nimble.framework.dSYM; path = Carthage/Build/iOS/Nimble.framework.dSYM; sourceTree = "<group>"; };
		1F86979B1C3AB4BE00CB3FFE /* Quick.framework.dSYM */ = {isa = PBXFileReference; lastKnownFileType = wrapper.dsym; name = Quick.framework.dSYM; path = Carthage/Build/iOS/Quick.framework.dSYM; sourceTree = "<group>"; };
		1F86979E1C3AB4DB00CB3FFE /* RxTests.framework.dSYM */ = {isa = PBXFileReference; lastKnownFileType = wrapper.dsym; name = RxTests.framework.dSYM; path = Carthage/Build/iOS/RxTests.framework.dSYM; sourceTree = "<group>"; };
		1F8697A11C3AB4F400CB3FFE /* Nimble.framework.dSYM */ = {isa = PBXFileReference; lastKnownFileType = wrapper.dsym; name = Nimble.framework.dSYM; path = Carthage/Build/iOS/Nimble.framework.dSYM; sourceTree = "<group>"; };
		1F8697A21C3AB4F400CB3FFE /* Quick.framework.dSYM */ = {isa = PBXFileReference; lastKnownFileType = wrapper.dsym; name = Quick.framework.dSYM; path = Carthage/Build/iOS/Quick.framework.dSYM; sourceTree = "<group>"; };
		1F8697A31C3AB4F400CB3FFE /* RxTests.framework.dSYM */ = {isa = PBXFileReference; lastKnownFileType = wrapper.dsym; name = RxTests.framework.dSYM; path = Carthage/Build/iOS/RxTests.framework.dSYM; sourceTree = "<group>"; };
		1F8697AF1C3AB77900CB3FFE /* TaskEntity.swift */ = {isa = PBXFileReference; fileEncoding = 4; lastKnownFileType = sourcecode.swift; path = TaskEntity.swift; sourceTree = "<group>"; };
		1F8697B11C3ACCA000CB3FFE /* ProjectEntity.swift */ = {isa = PBXFileReference; fileEncoding = 4; lastKnownFileType = sourcecode.swift; path = ProjectEntity.swift; sourceTree = "<group>"; };
		1F8697B31C3AD63800CB3FFE /* TaskBerserkTests-Bridging-Header.h */ = {isa = PBXFileReference; lastKnownFileType = sourcecode.c.h; path = "TaskBerserkTests-Bridging-Header.h"; sourceTree = "<group>"; };
		1F8697B41C3AD63800CB3FFE /* Dummy.swift */ = {isa = PBXFileReference; fileEncoding = 4; lastKnownFileType = sourcecode.swift; path = Dummy.swift; sourceTree = "<group>"; };
		1F8697B61C3AD64E00CB3FFE /* TaskEntitySpec.swift */ = {isa = PBXFileReference; fileEncoding = 4; lastKnownFileType = sourcecode.swift; path = TaskEntitySpec.swift; sourceTree = "<group>"; };
		1F8697BB1C3AFD2B00CB3FFE /* ProjectEntitySpec.swift */ = {isa = PBXFileReference; fileEncoding = 4; lastKnownFileType = sourcecode.swift; path = ProjectEntitySpec.swift; sourceTree = "<group>"; };
		1F8697BD1C3B004600CB3FFE /* UITestSample.swift */ = {isa = PBXFileReference; fileEncoding = 4; lastKnownFileType = sourcecode.swift; path = UITestSample.swift; sourceTree = "<group>"; };
		1F8697BF1C3B00BD00CB3FFE /* TaskBerserkUITests-Bridging-Header.h */ = {isa = PBXFileReference; fileEncoding = 4; lastKnownFileType = sourcecode.c.h; path = "TaskBerserkUITests-Bridging-Header.h"; sourceTree = "<group>"; };
		1F8697C01C3B070500CB3FFE /* Networking.swift */ = {isa = PBXFileReference; fileEncoding = 4; lastKnownFileType = sourcecode.swift; path = Networking.swift; sourceTree = "<group>"; };
		1F8697C21C3B072500CB3FFE /* Network.swift */ = {isa = PBXFileReference; fileEncoding = 4; lastKnownFileType = sourcecode.swift; path = Network.swift; sourceTree = "<group>"; };
		1F8697C41C3B080D00CB3FFE /* NetworkError.swift */ = {isa = PBXFileReference; fileEncoding = 4; lastKnownFileType = sourcecode.swift; path = NetworkError.swift; sourceTree = "<group>"; };
		1F8697C61C3B0D5900CB3FFE /* NetworkSpec.swift */ = {isa = PBXFileReference; fileEncoding = 4; lastKnownFileType = sourcecode.swift; path = NetworkSpec.swift; sourceTree = "<group>"; };
		1F86CA331C4698B100A48A8F /* ProjectSpec.swift */ = {isa = PBXFileReference; fileEncoding = 4; lastKnownFileType = sourcecode.swift; path = ProjectSpec.swift; sourceTree = "<group>"; };
		1F86CA351C46991E00A48A8F /* CoreDataHelpers.swift */ = {isa = PBXFileReference; fileEncoding = 4; lastKnownFileType = sourcecode.swift; path = CoreDataHelpers.swift; sourceTree = "<group>"; };
		1F8726B11C3BB14E00EEA569 /* Intheam.swift */ = {isa = PBXFileReference; fileEncoding = 4; lastKnownFileType = sourcecode.swift; path = Intheam.swift; sourceTree = "<group>"; };
		1F8726B31C3BB43800EEA569 /* AppKey.plist */ = {isa = PBXFileReference; fileEncoding = 4; lastKnownFileType = text.plist.xml; path = AppKey.plist; sourceTree = "<group>"; };
		1F8726B51C3BB7E800EEA569 /* TaskGrabbing.swift */ = {isa = PBXFileReference; fileEncoding = 4; lastKnownFileType = sourcecode.swift; path = TaskGrabbing.swift; sourceTree = "<group>"; };
		1F8726B71C3BB87C00EEA569 /* TaskGrab.swift */ = {isa = PBXFileReference; fileEncoding = 4; lastKnownFileType = sourcecode.swift; path = TaskGrab.swift; sourceTree = "<group>"; };
		1F8726B91C3BBCB700EEA569 /* ResponseEntity.swift */ = {isa = PBXFileReference; fileEncoding = 4; lastKnownFileType = sourcecode.swift; path = ResponseEntity.swift; sourceTree = "<group>"; };
		1F8726BB1C3BBE6900EEA569 /* ResponseEntitySpec.swift */ = {isa = PBXFileReference; fileEncoding = 4; lastKnownFileType = sourcecode.swift; path = ResponseEntitySpec.swift; sourceTree = "<group>"; };
		1F8726BE1C3BD2FB00EEA569 /* TaskGrabSpec.swift */ = {isa = PBXFileReference; fileEncoding = 4; lastKnownFileType = sourcecode.swift; path = TaskGrabSpec.swift; sourceTree = "<group>"; };
		1F8726C01C3C265000EEA569 /* ProjectsTableViewController.swift */ = {isa = PBXFileReference; fileEncoding = 4; lastKnownFileType = sourcecode.swift; path = ProjectsTableViewController.swift; sourceTree = "<group>"; };
		1F8726C21C3C273100EEA569 /* ProjectTableViewCell.swift */ = {isa = PBXFileReference; fileEncoding = 4; lastKnownFileType = sourcecode.swift; path = ProjectTableViewCell.swift; sourceTree = "<group>"; };
		1F8726C41C3C27E000EEA569 /* Main.storyboard */ = {isa = PBXFileReference; fileEncoding = 4; lastKnownFileType = file.storyboard; path = Main.storyboard; sourceTree = "<group>"; };
		1F8726C61C3C2D2400EEA569 /* TasksTableViewController.swift */ = {isa = PBXFileReference; fileEncoding = 4; lastKnownFileType = sourcecode.swift; path = TasksTableViewController.swift; sourceTree = "<group>"; };
		1F8726C81C3C2D3200EEA569 /* TaskTableViewCell.swift */ = {isa = PBXFileReference; fileEncoding = 4; lastKnownFileType = sourcecode.swift; path = TaskTableViewCell.swift; sourceTree = "<group>"; };
		1F8726CA1C3C2E0C00EEA569 /* TasksTableViewModeling.swift */ = {isa = PBXFileReference; fileEncoding = 4; lastKnownFileType = sourcecode.swift; path = TasksTableViewModeling.swift; sourceTree = "<group>"; };
		1F8726CC1C3C2E1C00EEA569 /* TasksTableViewModel.swift */ = {isa = PBXFileReference; fileEncoding = 4; lastKnownFileType = sourcecode.swift; path = TasksTableViewModel.swift; sourceTree = "<group>"; };
		1F8726CE1C3C2ED100EEA569 /* TaskTableViewCellModeling.swift */ = {isa = PBXFileReference; fileEncoding = 4; lastKnownFileType = sourcecode.swift; path = TaskTableViewCellModeling.swift; sourceTree = "<group>"; };
		1F8726D01C3C2EDB00EEA569 /* TaskTableViewCellModel.swift */ = {isa = PBXFileReference; fileEncoding = 4; lastKnownFileType = sourcecode.swift; lineEnding = 0; path = TaskTableViewCellModel.swift; sourceTree = "<group>"; xcLanguageSpecificationIdentifier = xcode.lang.swift; };
		1F8726D21C3C37DE00EEA569 /* AppDelegateSpec.swift */ = {isa = PBXFileReference; fileEncoding = 4; lastKnownFileType = sourcecode.swift; path = AppDelegateSpec.swift; sourceTree = "<group>"; };
		1F8726D41C3C54D700EEA569 /* DummyResponse.swift */ = {isa = PBXFileReference; fileEncoding = 4; lastKnownFileType = sourcecode.swift; path = DummyResponse.swift; sourceTree = "<group>"; };
		1F8726D61C3C56C900EEA569 /* TasksTableViewModelSpec.swift */ = {isa = PBXFileReference; fileEncoding = 4; lastKnownFileType = sourcecode.swift; path = TasksTableViewModelSpec.swift; sourceTree = "<group>"; };
		1F8726D81C3C5F2100EEA569 /* TaskTableViewCellSpec.swift */ = {isa = PBXFileReference; fileEncoding = 4; lastKnownFileType = sourcecode.swift; path = TaskTableViewCellSpec.swift; sourceTree = "<group>"; };
		1FED43A41C4112270085A5A2 /* TaskBerserk.xcdatamodel */ = {isa = PBXFileReference; lastKnownFileType = wrapper.xcdatamodel; path = TaskBerserk.xcdatamodel; sourceTree = "<group>"; };
		1FED43A61C41159D0085A5A2 /* Task.swift */ = {isa = PBXFileReference; fileEncoding = 4; lastKnownFileType = sourcecode.swift; lineEnding = 0; path = Task.swift; sourceTree = "<group>"; xcLanguageSpecificationIdentifier = xcode.lang.swift; };
		1FED43A81C4115DD0085A5A2 /* ManagedObject.swift */ = {isa = PBXFileReference; fileEncoding = 4; lastKnownFileType = sourcecode.swift; path = ManagedObject.swift; sourceTree = "<group>"; };
		1FED43AA1C4119690085A5A2 /* CoreDataStack.swift */ = {isa = PBXFileReference; fileEncoding = 4; lastKnownFileType = sourcecode.swift; path = CoreDataStack.swift; sourceTree = "<group>"; };
		1FED43AC1C4119FD0085A5A2 /* NSURL+extensions.swift */ = {isa = PBXFileReference; fileEncoding = 4; lastKnownFileType = sourcecode.swift; path = "NSURL+extensions.swift"; sourceTree = "<group>"; };
		1FED43AF1C41200F0085A5A2 /* ManagedObjectContextSettable.swift */ = {isa = PBXFileReference; fileEncoding = 4; lastKnownFileType = sourcecode.swift; path = ManagedObjectContextSettable.swift; sourceTree = "<group>"; };
		1FED43B11C4142B40085A5A2 /* FetchedResultsDataProvider.swift */ = {isa = PBXFileReference; fileEncoding = 4; lastKnownFileType = sourcecode.swift; path = FetchedResultsDataProvider.swift; sourceTree = "<group>"; };
		1FED43B31C4143620085A5A2 /* DataProvider.swift */ = {isa = PBXFileReference; fileEncoding = 4; lastKnownFileType = sourcecode.swift; path = DataProvider.swift; sourceTree = "<group>"; };
		1FFDFE231C3E687C00DA25DD /* TasksTableViewControllerSpec.swift */ = {isa = PBXFileReference; fileEncoding = 4; lastKnownFileType = sourcecode.swift; path = TasksTableViewControllerSpec.swift; sourceTree = "<group>"; };
		1FFDFE4F1C3ED8CC00DA25DD /* ProjectsTableViewModeling.swift */ = {isa = PBXFileReference; fileEncoding = 4; lastKnownFileType = sourcecode.swift; path = ProjectsTableViewModeling.swift; sourceTree = "<group>"; };
		1FFDFE511C3ED8DD00DA25DD /* ProjectsTableViewModel.swift */ = {isa = PBXFileReference; fileEncoding = 4; lastKnownFileType = sourcecode.swift; path = ProjectsTableViewModel.swift; sourceTree = "<group>"; };
		1FFDFE531C3ED92900DA25DD /* ProjectTableViewCellModeling.swift */ = {isa = PBXFileReference; fileEncoding = 4; lastKnownFileType = sourcecode.swift; path = ProjectTableViewCellModeling.swift; sourceTree = "<group>"; };
		1FFDFE551C3ED93600DA25DD /* ProjectTableViewCellModel.swift */ = {isa = PBXFileReference; fileEncoding = 4; lastKnownFileType = sourcecode.swift; path = ProjectTableViewCellModel.swift; sourceTree = "<group>"; };
/* End PBXFileReference section */

/* Begin PBXFrameworksBuildPhase section */
		1F12FABC1C3AABB9000AC1A3 /* Frameworks */ = {
			isa = PBXFrameworksBuildPhase;
			buildActionMask = 2147483647;
			files = (
				1F8697711C3AAF4F00CB3FFE /* Alamofire.framework in Frameworks */,
				1F8697721C3AAF4F00CB3FFE /* Cartography.framework in Frameworks */,
				1F8697731C3AAF4F00CB3FFE /* Himotoki.framework in Frameworks */,
				1F8697761C3AAF4F00CB3FFE /* RxBlocking.framework in Frameworks */,
				1F8697771C3AAF4F00CB3FFE /* RxCocoa.framework in Frameworks */,
				1F8697781C3AAF4F00CB3FFE /* RxSwift.framework in Frameworks */,
				1F86977A1C3AAF4F00CB3FFE /* Swinject.framework in Frameworks */,
			);
			runOnlyForDeploymentPostprocessing = 0;
		};
		1F12FAD01C3AABB9000AC1A3 /* Frameworks */ = {
			isa = PBXFrameworksBuildPhase;
			buildActionMask = 2147483647;
			files = (
				1F8697911C3AB41900CB3FFE /* Nimble.framework in Frameworks */,
				1F8697921C3AB41900CB3FFE /* Quick.framework in Frameworks */,
				1F8697931C3AB41900CB3FFE /* RxTests.framework in Frameworks */,
			);
			runOnlyForDeploymentPostprocessing = 0;
		};
		1F12FADB1C3AABB9000AC1A3 /* Frameworks */ = {
			isa = PBXFrameworksBuildPhase;
			buildActionMask = 2147483647;
			files = (
			);
			runOnlyForDeploymentPostprocessing = 0;
		};
/* End PBXFrameworksBuildPhase section */

/* Begin PBXGroup section */
		1F12FAB61C3AABB9000AC1A3 = {
			isa = PBXGroup;
			children = (
				1F12FAC11C3AABB9000AC1A3 /* TaskBerserk */,
				1F12FAD61C3AABB9000AC1A3 /* TaskBerserkTests */,
				1F12FAE11C3AABB9000AC1A3 /* TaskBerserkUITests */,
				1F12FAC01C3AABB9000AC1A3 /* Products */,
				1F8697A81C3AB53D00CB3FFE /* Frameworks */,
			);
			sourceTree = "<group>";
		};
		1F12FAC01C3AABB9000AC1A3 /* Products */ = {
			isa = PBXGroup;
			children = (
				1F12FABF1C3AABB9000AC1A3 /* TaskBerserk.app */,
				1F12FAD31C3AABB9000AC1A3 /* TaskBerserkTests.xctest */,
				1F12FADE1C3AABB9000AC1A3 /* TaskBerserkUITests.xctest */,
			);
			name = Products;
			sourceTree = "<group>";
		};
		1F12FAC11C3AABB9000AC1A3 /* TaskBerserk */ = {
			isa = PBXGroup;
			children = (
				1F8726BD1C3BBF7000EEA569 /* Application */,
				1F70EE931C43B376008AC4F2 /* Layout */,
				1FED43A21C41120F0085A5A2 /* CoreData */,
				1F8697AC1C3AB67000CB3FFE /* OldModel */,
				1F8697AB1C3AB66900CB3FFE /* ViewModel */,
				1F8697AA1C3AB66400CB3FFE /* View */,
				1F70EE941C43B39F008AC4F2 /* Shared */,
				1F8697A91C3AB65300CB3FFE /* Supporting files */,
			);
			path = TaskBerserk;
			sourceTree = "<group>";
		};
		1F12FAD61C3AABB9000AC1A3 /* TaskBerserkTests */ = {
			isa = PBXGroup;
			children = (
				1F8726D21C3C37DE00EEA569 /* AppDelegateSpec.swift */,
				1F8697AD1C3AB6D300CB3FFE /* Model */,
				1F8697AE1C3AB6D800CB3FFE /* ViewModel */,
				1FFDFE221C3E686300DA25DD /* Views */,
				1F12FAD91C3AABB9000AC1A3 /* Info.plist */,
			);
			path = TaskBerserkTests;
			sourceTree = "<group>";
		};
		1F12FAE11C3AABB9000AC1A3 /* TaskBerserkUITests */ = {
			isa = PBXGroup;
			children = (
				1F12FAE41C3AABB9000AC1A3 /* Info.plist */,
				1F8697BD1C3B004600CB3FFE /* UITestSample.swift */,
				1F8697BF1C3B00BD00CB3FFE /* TaskBerserkUITests-Bridging-Header.h */,
			);
			path = TaskBerserkUITests;
			sourceTree = "<group>";
		};
		1F1E04EF1C4532B3005006FC /* MetaTableView */ = {
			isa = PBXGroup;
			children = (
				1F1E04F01C4535F9005006FC /* MetaTableViewModeling.swift */,
				1F1E04F21C453605005006FC /* MetaTableViewModel.swift */,
				1F1E04F41C453618005006FC /* MetaTableViewCellModeling.swift */,
				1F1E04F61C453638005006FC /* MetaTableViewCellModel.swift */,
			);
			name = MetaTableView;
			sourceTree = "<group>";
		};
		1F70EE931C43B376008AC4F2 /* Layout */ = {
			isa = PBXGroup;
			children = (
				1F8726C41C3C27E000EEA569 /* Main.storyboard */,
				1F12FACB1C3AABB9000AC1A3 /* LaunchScreen.storyboard */,
			);
			name = Layout;
			sourceTree = "<group>";
		};
		1F70EE941C43B39F008AC4F2 /* Shared */ = {
			isa = PBXGroup;
			children = (
				1FED43B11C4142B40085A5A2 /* FetchedResultsDataProvider.swift */,
				1FED43B31C4143620085A5A2 /* DataProvider.swift */,
				1F79B7AE1C3FFF0D00976A35 /* Extensions */,
			);
			name = Shared;
			sourceTree = "<group>";
		};
		1F70EE981C43F3F1008AC4F2 /* TaskDetailView */ = {
			isa = PBXGroup;
			children = (
				1F70EE8F1C43B34A008AC4F2 /* TaskDetailViewModeling.swift */,
				1F70EE911C43B36C008AC4F2 /* TaskDetailViewModel.swift */,
			);
			name = TaskDetailView;
			sourceTree = "<group>";
		};
		1F74C6FC1C41933C001F812B /* Extensions */ = {
			isa = PBXGroup;
			children = (
				1F74C6FD1C419357001F812B /* NSManagedObjectContext+extensions.swift */,
			);
			name = Extensions;
			sourceTree = "<group>";
		};
		1F79B7AE1C3FFF0D00976A35 /* Extensions */ = {
			isa = PBXGroup;
			children = (
				1F79B7AF1C3FFF2600976A35 /* UIViewController+extensions.swift */,
				1FED43AC1C4119FD0085A5A2 /* NSURL+extensions.swift */,
			);
			name = Extensions;
			sourceTree = "<group>";
		};
		1F8697A71C3AB52B00CB3FFE /* dSYM */ = {
			isa = PBXGroup;
			children = (
				1F8697A11C3AB4F400CB3FFE /* Nimble.framework.dSYM */,
				1F8697A21C3AB4F400CB3FFE /* Quick.framework.dSYM */,
				1F8697A31C3AB4F400CB3FFE /* RxTests.framework.dSYM */,
				1F86979E1C3AB4DB00CB3FFE /* RxTests.framework.dSYM */,
				1F86979A1C3AB4BE00CB3FFE /* Nimble.framework.dSYM */,
				1F86979B1C3AB4BE00CB3FFE /* Quick.framework.dSYM */,
				1F86977D1C3AAFF100CB3FFE /* Alamofire.framework.dSYM */,
				1F86977E1C3AAFF100CB3FFE /* Cartography.framework.dSYM */,
				1F86977F1C3AAFF100CB3FFE /* Himotoki.framework.dSYM */,
				1F8697821C3AAFF100CB3FFE /* RxBlocking.framework.dSYM */,
				1F8697831C3AAFF100CB3FFE /* RxCocoa.framework.dSYM */,
				1F8697841C3AAFF100CB3FFE /* RxSwift.framework.dSYM */,
				1F8697861C3AAFF100CB3FFE /* Swinject.framework.dSYM */,
			);
			name = dSYM;
			sourceTree = "<group>";
		};
		1F8697A81C3AB53D00CB3FFE /* Frameworks */ = {
			isa = PBXGroup;
			children = (
				1F8697A71C3AB52B00CB3FFE /* dSYM */,
				1F8697671C3AAF4F00CB3FFE /* Alamofire.framework */,
				1F8697681C3AAF4F00CB3FFE /* Cartography.framework */,
				1F8697691C3AAF4F00CB3FFE /* Himotoki.framework */,
				1F86976A1C3AAF4F00CB3FFE /* Nimble.framework */,
				1F86976B1C3AAF4F00CB3FFE /* Quick.framework */,
				1F86976C1C3AAF4F00CB3FFE /* RxBlocking.framework */,
				1F86976D1C3AAF4F00CB3FFE /* RxCocoa.framework */,
				1F86976E1C3AAF4F00CB3FFE /* RxSwift.framework */,
				1F86976F1C3AAF4F00CB3FFE /* RxTests.framework */,
				1F8697701C3AAF4F00CB3FFE /* Swinject.framework */,
			);
			name = Frameworks;
			sourceTree = "<group>";
		};
		1F8697A91C3AB65300CB3FFE /* Supporting files */ = {
			isa = PBXGroup;
			children = (
				1F12FAC91C3AABB9000AC1A3 /* Assets.xcassets */,
				1F12FACE1C3AABB9000AC1A3 /* Info.plist */,
				1F8726B31C3BB43800EEA569 /* AppKey.plist */,
			);
			name = "Supporting files";
			sourceTree = "<group>";
		};
		1F8697AA1C3AB66400CB3FFE /* View */ = {
			isa = PBXGroup;
			children = (
				1F8726C61C3C2D2400EEA569 /* TasksTableViewController.swift */,
				1F8726C81C3C2D3200EEA569 /* TaskTableViewCell.swift */,
				1F70EE951C43B6AC008AC4F2 /* TaskDetailViewController.swift */,
				1F1E04ED1C45329C005006FC /* MetaTableViewController.swift */,
				1F1E04F81C4536BB005006FC /* MetaTableViewCell.swift */,
				1F8726C01C3C265000EEA569 /* ProjectsTableViewController.swift */,
				1F8726C21C3C273100EEA569 /* ProjectTableViewCell.swift */,
			);
			name = View;
			sourceTree = "<group>";
		};
		1F8697AB1C3AB66900CB3FFE /* ViewModel */ = {
			isa = PBXGroup;
			children = (
				1FFDFE4D1C3ED60300DA25DD /* TasksTableView */,
				1F70EE981C43F3F1008AC4F2 /* TaskDetailView */,
				1F1E04EF1C4532B3005006FC /* MetaTableView */,
				1FFDFE4E1C3ED61100DA25DD /* ProjectsTableView */,
			);
			name = ViewModel;
			sourceTree = "<group>";
		};
		1F8697AC1C3AB67000CB3FFE /* OldModel */ = {
			isa = PBXGroup;
			children = (
				1F8697AF1C3AB77900CB3FFE /* TaskEntity.swift */,
				1F8697B11C3ACCA000CB3FFE /* ProjectEntity.swift */,
				1F8726B91C3BBCB700EEA569 /* ResponseEntity.swift */,
				1F8697C01C3B070500CB3FFE /* Networking.swift */,
				1F8697C21C3B072500CB3FFE /* Network.swift */,
				1F8697C41C3B080D00CB3FFE /* NetworkError.swift */,
				1F8726B11C3BB14E00EEA569 /* Intheam.swift */,
				1F8726B51C3BB7E800EEA569 /* TaskGrabbing.swift */,
				1F8726B71C3BB87C00EEA569 /* TaskGrab.swift */,
			);
			name = OldModel;
			sourceTree = "<group>";
		};
		1F8697AD1C3AB6D300CB3FFE /* Model */ = {
			isa = PBXGroup;
			children = (
				1F86CA321C4697CB00A48A8F /* Networking */,
				1F8697B31C3AD63800CB3FFE /* TaskBerserkTests-Bridging-Header.h */,
				1F86CA331C4698B100A48A8F /* ProjectSpec.swift */,
				1F86CA351C46991E00A48A8F /* CoreDataHelpers.swift */,
			);
			name = Model;
			sourceTree = "<group>";
		};
		1F8697AE1C3AB6D800CB3FFE /* ViewModel */ = {
			isa = PBXGroup;
			children = (
				1F8726D61C3C56C900EEA569 /* TasksTableViewModelSpec.swift */,
				1F8726D41C3C54D700EEA569 /* DummyResponse.swift */,
				1F8726D81C3C5F2100EEA569 /* TaskTableViewCellSpec.swift */,
				1F78AC711C402D88006F17D2 /* ProjectTableViewCellSpec.swift */,
			);
			name = ViewModel;
			sourceTree = "<group>";
		};
		1F86CA321C4697CB00A48A8F /* Networking */ = {
			isa = PBXGroup;
			children = (
				1F8726BE1C3BD2FB00EEA569 /* TaskGrabSpec.swift */,
				1F8697C61C3B0D5900CB3FFE /* NetworkSpec.swift */,
				1F8697BB1C3AFD2B00CB3FFE /* ProjectEntitySpec.swift */,
				1F8697B61C3AD64E00CB3FFE /* TaskEntitySpec.swift */,
				1F8726BB1C3BBE6900EEA569 /* ResponseEntitySpec.swift */,
				1F8697B41C3AD63800CB3FFE /* Dummy.swift */,
			);
			name = Networking;
			sourceTree = "<group>";
		};
		1F8726BD1C3BBF7000EEA569 /* Application */ = {
			isa = PBXGroup;
			children = (
				1F12FAC21C3AABB9000AC1A3 /* AppDelegate.swift */,
			);
			name = Application;
			sourceTree = "<group>";
		};
		1FED43A21C41120F0085A5A2 /* CoreData */ = {
			isa = PBXGroup;
			children = (
				1FED43A31C4112270085A5A2 /* TaskBerserk.xcdatamodeld */,
				1FED43A61C41159D0085A5A2 /* Task.swift */,
				1F70EE9B1C440D41008AC4F2 /* Project.swift */,
				1F70EE9D1C441779008AC4F2 /* Tag.swift */,
				1FED43AA1C4119690085A5A2 /* CoreDataStack.swift */,
				1FED43A81C4115DD0085A5A2 /* ManagedObject.swift */,
				1F74C6FC1C41933C001F812B /* Extensions */,
				1FED43AE1C411FF10085A5A2 /* Protocols */,
			);
			name = CoreData;
			sourceTree = "<group>";
		};
		1FED43AE1C411FF10085A5A2 /* Protocols */ = {
			isa = PBXGroup;
			children = (
				1FED43AF1C41200F0085A5A2 /* ManagedObjectContextSettable.swift */,
				1F1E05001C4574C5005006FC /* NameWithCountRepresentable.swift */,
			);
			name = Protocols;
			sourceTree = "<group>";
		};
		1FFDFE221C3E686300DA25DD /* Views */ = {
			isa = PBXGroup;
			children = (
				1FFDFE231C3E687C00DA25DD /* TasksTableViewControllerSpec.swift */,
			);
			name = Views;
			sourceTree = "<group>";
		};
		1FFDFE4D1C3ED60300DA25DD /* TasksTableView */ = {
			isa = PBXGroup;
			children = (
				1F8726CA1C3C2E0C00EEA569 /* TasksTableViewModeling.swift */,
				1F8726CC1C3C2E1C00EEA569 /* TasksTableViewModel.swift */,
				1F8726CE1C3C2ED100EEA569 /* TaskTableViewCellModeling.swift */,
				1F8726D01C3C2EDB00EEA569 /* TaskTableViewCellModel.swift */,
			);
			name = TasksTableView;
			sourceTree = "<group>";
		};
		1FFDFE4E1C3ED61100DA25DD /* ProjectsTableView */ = {
			isa = PBXGroup;
			children = (
				1FFDFE4F1C3ED8CC00DA25DD /* ProjectsTableViewModeling.swift */,
				1FFDFE511C3ED8DD00DA25DD /* ProjectsTableViewModel.swift */,
				1FFDFE531C3ED92900DA25DD /* ProjectTableViewCellModeling.swift */,
				1FFDFE551C3ED93600DA25DD /* ProjectTableViewCellModel.swift */,
			);
			name = ProjectsTableView;
			sourceTree = "<group>";
		};
/* End PBXGroup section */

/* Begin PBXNativeTarget section */
		1F12FABE1C3AABB9000AC1A3 /* TaskBerserk */ = {
			isa = PBXNativeTarget;
			buildConfigurationList = 1F12FAE71C3AABB9000AC1A3 /* Build configuration list for PBXNativeTarget "TaskBerserk" */;
			buildPhases = (
				1F12FABB1C3AABB9000AC1A3 /* Sources */,
				1F12FABC1C3AABB9000AC1A3 /* Frameworks */,
				1F12FABD1C3AABB9000AC1A3 /* Resources */,
				1F86977B1C3AAF5B00CB3FFE /* CopyFiles */,
				1F86977C1C3AAF6B00CB3FFE /* ShellScript */,
			);
			buildRules = (
			);
			dependencies = (
			);
			name = TaskBerserk;
			productName = TaskBerserk;
			productReference = 1F12FABF1C3AABB9000AC1A3 /* TaskBerserk.app */;
			productType = "com.apple.product-type.application";
		};
		1F12FAD21C3AABB9000AC1A3 /* TaskBerserkTests */ = {
			isa = PBXNativeTarget;
			buildConfigurationList = 1F12FAEA1C3AABB9000AC1A3 /* Build configuration list for PBXNativeTarget "TaskBerserkTests" */;
			buildPhases = (
				1F12FACF1C3AABB9000AC1A3 /* Sources */,
				1F12FAD01C3AABB9000AC1A3 /* Frameworks */,
				1F12FAD11C3AABB9000AC1A3 /* Resources */,
				1F8697981C3AB43F00CB3FFE /* ShellScript */,
				1F8697A01C3AB4E600CB3FFE /* CopyFiles */,
			);
			buildRules = (
			);
			dependencies = (
				1F12FAD51C3AABB9000AC1A3 /* PBXTargetDependency */,
			);
			name = TaskBerserkTests;
			productName = TaskBerserkTests;
			productReference = 1F12FAD31C3AABB9000AC1A3 /* TaskBerserkTests.xctest */;
			productType = "com.apple.product-type.bundle.unit-test";
		};
		1F12FADD1C3AABB9000AC1A3 /* TaskBerserkUITests */ = {
			isa = PBXNativeTarget;
			buildConfigurationList = 1F12FAED1C3AABB9000AC1A3 /* Build configuration list for PBXNativeTarget "TaskBerserkUITests" */;
			buildPhases = (
				1F12FADA1C3AABB9000AC1A3 /* Sources */,
				1F12FADB1C3AABB9000AC1A3 /* Frameworks */,
				1F12FADC1C3AABB9000AC1A3 /* Resources */,
			);
			buildRules = (
			);
			dependencies = (
				1F12FAE01C3AABB9000AC1A3 /* PBXTargetDependency */,
			);
			name = TaskBerserkUITests;
			productName = TaskBerserkUITests;
			productReference = 1F12FADE1C3AABB9000AC1A3 /* TaskBerserkUITests.xctest */;
			productType = "com.apple.product-type.bundle.ui-testing";
		};
/* End PBXNativeTarget section */

/* Begin PBXProject section */
		1F12FAB71C3AABB9000AC1A3 /* Project object */ = {
			isa = PBXProject;
			attributes = {
				LastSwiftUpdateCheck = 0720;
				LastUpgradeCheck = 0720;
				ORGANIZATIONNAME = "Alexander Guschin";
				TargetAttributes = {
					1F12FABE1C3AABB9000AC1A3 = {
						CreatedOnToolsVersion = 7.2;
						DevelopmentTeam = LB83DKTVND;
					};
					1F12FAD21C3AABB9000AC1A3 = {
						CreatedOnToolsVersion = 7.2;
						DevelopmentTeam = LB83DKTVND;
						TestTargetID = 1F12FABE1C3AABB9000AC1A3;
					};
					1F12FADD1C3AABB9000AC1A3 = {
						CreatedOnToolsVersion = 7.2;
						DevelopmentTeam = LB83DKTVND;
						TestTargetID = 1F12FABE1C3AABB9000AC1A3;
					};
				};
			};
			buildConfigurationList = 1F12FABA1C3AABB9000AC1A3 /* Build configuration list for PBXProject "TaskBerserk" */;
			compatibilityVersion = "Xcode 3.2";
			developmentRegion = English;
			hasScannedForEncodings = 0;
			knownRegions = (
				en,
				Base,
			);
			mainGroup = 1F12FAB61C3AABB9000AC1A3;
			productRefGroup = 1F12FAC01C3AABB9000AC1A3 /* Products */;
			projectDirPath = "";
			projectRoot = "";
			targets = (
				1F12FABE1C3AABB9000AC1A3 /* TaskBerserk */,
				1F12FAD21C3AABB9000AC1A3 /* TaskBerserkTests */,
				1F12FADD1C3AABB9000AC1A3 /* TaskBerserkUITests */,
			);
		};
/* End PBXProject section */

/* Begin PBXResourcesBuildPhase section */
		1F12FABD1C3AABB9000AC1A3 /* Resources */ = {
			isa = PBXResourcesBuildPhase;
			buildActionMask = 2147483647;
			files = (
				1F8726B41C3BB43800EEA569 /* AppKey.plist in Resources */,
				1F12FACD1C3AABB9000AC1A3 /* LaunchScreen.storyboard in Resources */,
				1F12FACA1C3AABB9000AC1A3 /* Assets.xcassets in Resources */,
				1F8726C51C3C27E000EEA569 /* Main.storyboard in Resources */,
			);
			runOnlyForDeploymentPostprocessing = 0;
		};
		1F12FAD11C3AABB9000AC1A3 /* Resources */ = {
			isa = PBXResourcesBuildPhase;
			buildActionMask = 2147483647;
			files = (
			);
			runOnlyForDeploymentPostprocessing = 0;
		};
		1F12FADC1C3AABB9000AC1A3 /* Resources */ = {
			isa = PBXResourcesBuildPhase;
			buildActionMask = 2147483647;
			files = (
			);
			runOnlyForDeploymentPostprocessing = 0;
		};
/* End PBXResourcesBuildPhase section */

/* Begin PBXShellScriptBuildPhase section */
		1F86977C1C3AAF6B00CB3FFE /* ShellScript */ = {
			isa = PBXShellScriptBuildPhase;
			buildActionMask = 2147483647;
			files = (
			);
			inputPaths = (
				"$(SRCROOT)/Carthage/Build/iOS/Alamofire.framework",
				"$(SRCROOT)/Carthage/Build/iOS/Cartography.framework",
				"$(SRCROOT)/Carthage/Build/iOS/Himotoki.framework",
				"$(SRCROOT)/Carthage/Build/iOS/RxBlocking.framework",
				"$(SRCROOT)/Carthage/Build/iOS/RxCocoa.framework",
				"$(SRCROOT)/Carthage/Build/iOS/RxSwift.framework",
				"$(SRCROOT)/Carthage/Build/iOS/Swinject.framework",
			);
			outputPaths = (
			);
			runOnlyForDeploymentPostprocessing = 0;
			shellPath = "/usr/local/bin/carthage copy-frameworks";
			shellScript = "";
		};
		1F8697981C3AB43F00CB3FFE /* ShellScript */ = {
			isa = PBXShellScriptBuildPhase;
			buildActionMask = 2147483647;
			files = (
			);
			inputPaths = (
				"$(SRCROOT)/Carthage/Build/iOS/Nimble.framework",
				"$(SRCROOT)/Carthage/Build/iOS/Quick.framework",
				"$(SRCROOT)/Carthage/Build/iOS/RxTests.framework",
			);
			outputPaths = (
			);
			runOnlyForDeploymentPostprocessing = 0;
			shellPath = "/usr/local/bin/carthage copy-frameworks";
			shellScript = "";
		};
/* End PBXShellScriptBuildPhase section */

/* Begin PBXSourcesBuildPhase section */
		1F12FABB1C3AABB9000AC1A3 /* Sources */ = {
			isa = PBXSourcesBuildPhase;
			buildActionMask = 2147483647;
			files = (
				1FED43B41C4143620085A5A2 /* DataProvider.swift in Sources */,
				1FED43A91C4115DD0085A5A2 /* ManagedObject.swift in Sources */,
				1F1E04F71C453638005006FC /* MetaTableViewCellModel.swift in Sources */,
				1F1E04F11C4535F9005006FC /* MetaTableViewModeling.swift in Sources */,
				1F8726C91C3C2D3200EEA569 /* TaskTableViewCell.swift in Sources */,
				1FFDFE561C3ED93600DA25DD /* ProjectTableViewCellModel.swift in Sources */,
				1F70EE961C43B6AC008AC4F2 /* TaskDetailViewController.swift in Sources */,
				1F8697B01C3AB77900CB3FFE /* TaskEntity.swift in Sources */,
				1FED43B21C4142B40085A5A2 /* FetchedResultsDataProvider.swift in Sources */,
				1FED43AD1C4119FD0085A5A2 /* NSURL+extensions.swift in Sources */,
				1F8726D11C3C2EDB00EEA569 /* TaskTableViewCellModel.swift in Sources */,
				1F8697C51C3B080D00CB3FFE /* NetworkError.swift in Sources */,
				1F70EE9E1C441779008AC4F2 /* Tag.swift in Sources */,
				1FFDFE541C3ED92900DA25DD /* ProjectTableViewCellModeling.swift in Sources */,
				1F8697C11C3B070500CB3FFE /* Networking.swift in Sources */,
				1F8726CF1C3C2ED100EEA569 /* TaskTableViewCellModeling.swift in Sources */,
				1F8697C31C3B072500CB3FFE /* Network.swift in Sources */,
				1F1E04F31C453605005006FC /* MetaTableViewModel.swift in Sources */,
				1FED43AB1C4119690085A5A2 /* CoreDataStack.swift in Sources */,
				1FFDFE501C3ED8CC00DA25DD /* ProjectsTableViewModeling.swift in Sources */,
				1F8726B81C3BB87C00EEA569 /* TaskGrab.swift in Sources */,
				1F70EE901C43B34A008AC4F2 /* TaskDetailViewModeling.swift in Sources */,
				1F8726BA1C3BBCB700EEA569 /* ResponseEntity.swift in Sources */,
				1F1E04EE1C45329C005006FC /* MetaTableViewController.swift in Sources */,
				1F1E04F91C4536BB005006FC /* MetaTableViewCell.swift in Sources */,
				1FED43B01C41200F0085A5A2 /* ManagedObjectContextSettable.swift in Sources */,
				1F74C6FE1C419357001F812B /* NSManagedObjectContext+extensions.swift in Sources */,
				1F1E04F51C453618005006FC /* MetaTableViewCellModeling.swift in Sources */,
				1FED43A71C41159D0085A5A2 /* Task.swift in Sources */,
				1F8697B21C3ACCA000CB3FFE /* ProjectEntity.swift in Sources */,
				1F1E05011C4574C5005006FC /* NameWithCountRepresentable.swift in Sources */,
				1F70EE9C1C440D41008AC4F2 /* Project.swift in Sources */,
				1F8726CB1C3C2E0C00EEA569 /* TasksTableViewModeling.swift in Sources */,
				1F8726C71C3C2D2400EEA569 /* TasksTableViewController.swift in Sources */,
				1F70EE921C43B36C008AC4F2 /* TaskDetailViewModel.swift in Sources */,
				1FFDFE521C3ED8DD00DA25DD /* ProjectsTableViewModel.swift in Sources */,
				1F8726C31C3C273100EEA569 /* ProjectTableViewCell.swift in Sources */,
				1FED43A51C4112270085A5A2 /* TaskBerserk.xcdatamodeld in Sources */,
				1F8726B61C3BB7E800EEA569 /* TaskGrabbing.swift in Sources */,
				1F8726C11C3C265000EEA569 /* ProjectsTableViewController.swift in Sources */,
				1F8726B21C3BB14E00EEA569 /* Intheam.swift in Sources */,
				1F8726CD1C3C2E1C00EEA569 /* TasksTableViewModel.swift in Sources */,
				1F12FAC31C3AABB9000AC1A3 /* AppDelegate.swift in Sources */,
				1F79B7B01C3FFF2600976A35 /* UIViewController+extensions.swift in Sources */,
			);
			runOnlyForDeploymentPostprocessing = 0;
		};
		1F12FACF1C3AABB9000AC1A3 /* Sources */ = {
			isa = PBXSourcesBuildPhase;
			buildActionMask = 2147483647;
			files = (
				1F8697B71C3AD64E00CB3FFE /* TaskEntitySpec.swift in Sources */,
				1F8726D51C3C54D700EEA569 /* DummyResponse.swift in Sources */,
				1F78AC721C402D88006F17D2 /* ProjectTableViewCellSpec.swift in Sources */,
				1F8726D31C3C37DE00EEA569 /* AppDelegateSpec.swift in Sources */,
				1F86CA361C46991E00A48A8F /* CoreDataHelpers.swift in Sources */,
				1F8726D71C3C56C900EEA569 /* TasksTableViewModelSpec.swift in Sources */,
				1F8726BF1C3BD2FB00EEA569 /* TaskGrabSpec.swift in Sources */,
				1F8726D91C3C5F2100EEA569 /* TaskTableViewCellSpec.swift in Sources */,
				1F8697C71C3B0D5900CB3FFE /* NetworkSpec.swift in Sources */,
				1F8697B51C3AD63800CB3FFE /* Dummy.swift in Sources */,
				1F86CA341C4698B100A48A8F /* ProjectSpec.swift in Sources */,
				1F8726BC1C3BBE6900EEA569 /* ResponseEntitySpec.swift in Sources */,
				1FFDFE241C3E687C00DA25DD /* TasksTableViewControllerSpec.swift in Sources */,
				1F8697BC1C3AFD2B00CB3FFE /* ProjectEntitySpec.swift in Sources */,
			);
			runOnlyForDeploymentPostprocessing = 0;
		};
		1F12FADA1C3AABB9000AC1A3 /* Sources */ = {
			isa = PBXSourcesBuildPhase;
			buildActionMask = 2147483647;
			files = (
				1F8697BE1C3B004600CB3FFE /* UITestSample.swift in Sources */,
			);
			runOnlyForDeploymentPostprocessing = 0;
		};
/* End PBXSourcesBuildPhase section */

/* Begin PBXTargetDependency section */
		1F12FAD51C3AABB9000AC1A3 /* PBXTargetDependency */ = {
			isa = PBXTargetDependency;
			target = 1F12FABE1C3AABB9000AC1A3 /* TaskBerserk */;
			targetProxy = 1F12FAD41C3AABB9000AC1A3 /* PBXContainerItemProxy */;
		};
		1F12FAE01C3AABB9000AC1A3 /* PBXTargetDependency */ = {
			isa = PBXTargetDependency;
			target = 1F12FABE1C3AABB9000AC1A3 /* TaskBerserk */;
			targetProxy = 1F12FADF1C3AABB9000AC1A3 /* PBXContainerItemProxy */;
		};
/* End PBXTargetDependency section */

/* Begin PBXVariantGroup section */
		1F12FACB1C3AABB9000AC1A3 /* LaunchScreen.storyboard */ = {
			isa = PBXVariantGroup;
			children = (
				1F12FACC1C3AABB9000AC1A3 /* Base */,
			);
			name = LaunchScreen.storyboard;
			sourceTree = "<group>";
		};
/* End PBXVariantGroup section */

/* Begin XCBuildConfiguration section */
		1F12FAE51C3AABB9000AC1A3 /* Debug */ = {
			isa = XCBuildConfiguration;
			buildSettings = {
				ALWAYS_SEARCH_USER_PATHS = NO;
				CLANG_CXX_LANGUAGE_STANDARD = "gnu++0x";
				CLANG_CXX_LIBRARY = "libc++";
				CLANG_ENABLE_MODULES = YES;
				CLANG_ENABLE_OBJC_ARC = YES;
				CLANG_WARN_BOOL_CONVERSION = YES;
				CLANG_WARN_CONSTANT_CONVERSION = YES;
				CLANG_WARN_DIRECT_OBJC_ISA_USAGE = YES_ERROR;
				CLANG_WARN_EMPTY_BODY = YES;
				CLANG_WARN_ENUM_CONVERSION = YES;
				CLANG_WARN_INT_CONVERSION = YES;
				CLANG_WARN_OBJC_ROOT_CLASS = YES_ERROR;
				CLANG_WARN_UNREACHABLE_CODE = YES;
				CLANG_WARN__DUPLICATE_METHOD_MATCH = YES;
				"CODE_SIGN_IDENTITY[sdk=iphoneos*]" = "iPhone Developer";
				COPY_PHASE_STRIP = NO;
				DEBUG_INFORMATION_FORMAT = dwarf;
				ENABLE_STRICT_OBJC_MSGSEND = YES;
				ENABLE_TESTABILITY = YES;
				GCC_C_LANGUAGE_STANDARD = gnu99;
				GCC_DYNAMIC_NO_PIC = NO;
				GCC_NO_COMMON_BLOCKS = YES;
				GCC_OPTIMIZATION_LEVEL = 0;
				GCC_PREPROCESSOR_DEFINITIONS = (
					"DEBUG=1",
					"$(inherited)",
				);
				GCC_WARN_64_TO_32_BIT_CONVERSION = YES;
				GCC_WARN_ABOUT_RETURN_TYPE = YES_ERROR;
				GCC_WARN_UNDECLARED_SELECTOR = YES;
				GCC_WARN_UNINITIALIZED_AUTOS = YES_AGGRESSIVE;
				GCC_WARN_UNUSED_FUNCTION = YES;
				GCC_WARN_UNUSED_VARIABLE = YES;
				IPHONEOS_DEPLOYMENT_TARGET = 9.2;
				MTL_ENABLE_DEBUG_INFO = YES;
				ONLY_ACTIVE_ARCH = YES;
				SDKROOT = iphoneos;
				SWIFT_OPTIMIZATION_LEVEL = "-Onone";
				TARGETED_DEVICE_FAMILY = "1,2";
			};
			name = Debug;
		};
		1F12FAE61C3AABB9000AC1A3 /* Release */ = {
			isa = XCBuildConfiguration;
			buildSettings = {
				ALWAYS_SEARCH_USER_PATHS = NO;
				CLANG_CXX_LANGUAGE_STANDARD = "gnu++0x";
				CLANG_CXX_LIBRARY = "libc++";
				CLANG_ENABLE_MODULES = YES;
				CLANG_ENABLE_OBJC_ARC = YES;
				CLANG_WARN_BOOL_CONVERSION = YES;
				CLANG_WARN_CONSTANT_CONVERSION = YES;
				CLANG_WARN_DIRECT_OBJC_ISA_USAGE = YES_ERROR;
				CLANG_WARN_EMPTY_BODY = YES;
				CLANG_WARN_ENUM_CONVERSION = YES;
				CLANG_WARN_INT_CONVERSION = YES;
				CLANG_WARN_OBJC_ROOT_CLASS = YES_ERROR;
				CLANG_WARN_UNREACHABLE_CODE = YES;
				CLANG_WARN__DUPLICATE_METHOD_MATCH = YES;
				"CODE_SIGN_IDENTITY[sdk=iphoneos*]" = "iPhone Developer";
				COPY_PHASE_STRIP = NO;
				DEBUG_INFORMATION_FORMAT = "dwarf-with-dsym";
				ENABLE_NS_ASSERTIONS = NO;
				ENABLE_STRICT_OBJC_MSGSEND = YES;
				GCC_C_LANGUAGE_STANDARD = gnu99;
				GCC_NO_COMMON_BLOCKS = YES;
				GCC_WARN_64_TO_32_BIT_CONVERSION = YES;
				GCC_WARN_ABOUT_RETURN_TYPE = YES_ERROR;
				GCC_WARN_UNDECLARED_SELECTOR = YES;
				GCC_WARN_UNINITIALIZED_AUTOS = YES_AGGRESSIVE;
				GCC_WARN_UNUSED_FUNCTION = YES;
				GCC_WARN_UNUSED_VARIABLE = YES;
				IPHONEOS_DEPLOYMENT_TARGET = 9.2;
				MTL_ENABLE_DEBUG_INFO = NO;
				SDKROOT = iphoneos;
				TARGETED_DEVICE_FAMILY = "1,2";
				VALIDATE_PRODUCT = YES;
			};
			name = Release;
		};
		1F12FAE81C3AABB9000AC1A3 /* Debug */ = {
			isa = XCBuildConfiguration;
			buildSettings = {
				ASSETCATALOG_COMPILER_APPICON_NAME = AppIcon;
				FRAMEWORK_SEARCH_PATHS = (
					"$(inherited)",
					"$(PROJECT_DIR)/Carthage/Build/iOS",
				);
				INFOPLIST_FILE = TaskBerserk/Info.plist;
				LD_RUNPATH_SEARCH_PATHS = "$(inherited) @executable_path/Frameworks";
				OTHER_LDFLAGS = "";
				PRODUCT_BUNDLE_IDENTIFIER = io.github.rag0n.TaskBerserk;
				PRODUCT_NAME = "$(TARGET_NAME)";
			};
			name = Debug;
		};
		1F12FAE91C3AABB9000AC1A3 /* Release */ = {
			isa = XCBuildConfiguration;
			buildSettings = {
				ASSETCATALOG_COMPILER_APPICON_NAME = AppIcon;
				FRAMEWORK_SEARCH_PATHS = (
					"$(inherited)",
					"$(PROJECT_DIR)/Carthage/Build/iOS",
				);
				INFOPLIST_FILE = TaskBerserk/Info.plist;
				LD_RUNPATH_SEARCH_PATHS = "$(inherited) @executable_path/Frameworks";
				OTHER_LDFLAGS = "";
				PRODUCT_BUNDLE_IDENTIFIER = io.github.rag0n.TaskBerserk;
				PRODUCT_NAME = "$(TARGET_NAME)";
			};
			name = Release;
		};
		1F12FAEB1C3AABB9000AC1A3 /* Debug */ = {
			isa = XCBuildConfiguration;
			buildSettings = {
				BUNDLE_LOADER = "$(TEST_HOST)";
				CLANG_ENABLE_MODULES = YES;
				FRAMEWORK_SEARCH_PATHS = (
					"$(inherited)",
					"$(PROJECT_DIR)/Carthage/Build/iOS",
				);
				INFOPLIST_FILE = TaskBerserkTests/Info.plist;
				LD_RUNPATH_SEARCH_PATHS = "$(inherited) @executable_path/Frameworks @loader_path/Frameworks";
				OTHER_LDFLAGS = "";
				PRODUCT_BUNDLE_IDENTIFIER = io.github.rag0n.TaskBerserkTests;
				PRODUCT_NAME = "$(TARGET_NAME)";
				SWIFT_OBJC_BRIDGING_HEADER = "TaskBerserkTests/TaskBerserkTests-Bridging-Header.h";
				SWIFT_OPTIMIZATION_LEVEL = "-Onone";
				TEST_HOST = "$(BUILT_PRODUCTS_DIR)/TaskBerserk.app/TaskBerserk";
			};
			name = Debug;
		};
		1F12FAEC1C3AABB9000AC1A3 /* Release */ = {
			isa = XCBuildConfiguration;
			buildSettings = {
				BUNDLE_LOADER = "$(TEST_HOST)";
				CLANG_ENABLE_MODULES = YES;
				FRAMEWORK_SEARCH_PATHS = (
					"$(inherited)",
					"$(PROJECT_DIR)/Carthage/Build/iOS",
				);
				INFOPLIST_FILE = TaskBerserkTests/Info.plist;
				LD_RUNPATH_SEARCH_PATHS = "$(inherited) @executable_path/Frameworks @loader_path/Frameworks";
				OTHER_LDFLAGS = "";
				PRODUCT_BUNDLE_IDENTIFIER = io.github.rag0n.TaskBerserkTests;
				PRODUCT_NAME = "$(TARGET_NAME)";
				SWIFT_OBJC_BRIDGING_HEADER = "TaskBerserkTests/TaskBerserkTests-Bridging-Header.h";
				TEST_HOST = "$(BUILT_PRODUCTS_DIR)/TaskBerserk.app/TaskBerserk";
			};
			name = Release;
		};
		1F12FAEE1C3AABB9000AC1A3 /* Debug */ = {
			isa = XCBuildConfiguration;
			buildSettings = {
				CLANG_ENABLE_MODULES = YES;
				FRAMEWORK_SEARCH_PATHS = (
					"$(inherited)",
					"$(PROJECT_DIR)/Carthage/Build/iOS",
				);
				INFOPLIST_FILE = TaskBerserkUITests/Info.plist;
				LD_RUNPATH_SEARCH_PATHS = "$(inherited) @executable_path/Frameworks @loader_path/Frameworks";
				OTHER_LDFLAGS = "";
				PRODUCT_BUNDLE_IDENTIFIER = io.github.rag0n.TaskBerserkUITests;
				PRODUCT_NAME = "$(TARGET_NAME)";
				SWIFT_OBJC_BRIDGING_HEADER = "TaskBerserkUITests/TaskBerserkUITests-Bridging-Header.h";
				SWIFT_OPTIMIZATION_LEVEL = "-Onone";
				TEST_TARGET_NAME = TaskBerserk;
				USES_XCTRUNNER = YES;
			};
			name = Debug;
		};
		1F12FAEF1C3AABB9000AC1A3 /* Release */ = {
			isa = XCBuildConfiguration;
			buildSettings = {
				CLANG_ENABLE_MODULES = YES;
				FRAMEWORK_SEARCH_PATHS = (
					"$(inherited)",
					"$(PROJECT_DIR)/Carthage/Build/iOS",
				);
				INFOPLIST_FILE = TaskBerserkUITests/Info.plist;
				LD_RUNPATH_SEARCH_PATHS = "$(inherited) @executable_path/Frameworks @loader_path/Frameworks";
				OTHER_LDFLAGS = "";
				PRODUCT_BUNDLE_IDENTIFIER = io.github.rag0n.TaskBerserkUITests;
				PRODUCT_NAME = "$(TARGET_NAME)";
				SWIFT_OBJC_BRIDGING_HEADER = "TaskBerserkUITests/TaskBerserkUITests-Bridging-Header.h";
				TEST_TARGET_NAME = TaskBerserk;
				USES_XCTRUNNER = YES;
			};
			name = Release;
		};
/* End XCBuildConfiguration section */

/* Begin XCConfigurationList section */
		1F12FABA1C3AABB9000AC1A3 /* Build configuration list for PBXProject "TaskBerserk" */ = {
			isa = XCConfigurationList;
			buildConfigurations = (
				1F12FAE51C3AABB9000AC1A3 /* Debug */,
				1F12FAE61C3AABB9000AC1A3 /* Release */,
			);
			defaultConfigurationIsVisible = 0;
			defaultConfigurationName = Release;
		};
		1F12FAE71C3AABB9000AC1A3 /* Build configuration list for PBXNativeTarget "TaskBerserk" */ = {
			isa = XCConfigurationList;
			buildConfigurations = (
				1F12FAE81C3AABB9000AC1A3 /* Debug */,
				1F12FAE91C3AABB9000AC1A3 /* Release */,
			);
			defaultConfigurationIsVisible = 0;
			defaultConfigurationName = Release;
		};
		1F12FAEA1C3AABB9000AC1A3 /* Build configuration list for PBXNativeTarget "TaskBerserkTests" */ = {
			isa = XCConfigurationList;
			buildConfigurations = (
				1F12FAEB1C3AABB9000AC1A3 /* Debug */,
				1F12FAEC1C3AABB9000AC1A3 /* Release */,
			);
			defaultConfigurationIsVisible = 0;
			defaultConfigurationName = Release;
		};
		1F12FAED1C3AABB9000AC1A3 /* Build configuration list for PBXNativeTarget "TaskBerserkUITests" */ = {
			isa = XCConfigurationList;
			buildConfigurations = (
				1F12FAEE1C3AABB9000AC1A3 /* Debug */,
				1F12FAEF1C3AABB9000AC1A3 /* Release */,
			);
			defaultConfigurationIsVisible = 0;
			defaultConfigurationName = Release;
		};
/* End XCConfigurationList section */

/* Begin XCVersionGroup section */
		1FED43A31C4112270085A5A2 /* TaskBerserk.xcdatamodeld */ = {
			isa = XCVersionGroup;
			children = (
				1FED43A41C4112270085A5A2 /* TaskBerserk.xcdatamodel */,
			);
			currentVersion = 1FED43A41C4112270085A5A2 /* TaskBerserk.xcdatamodel */;
			path = TaskBerserk.xcdatamodeld;
			sourceTree = "<group>";
			versionGroupType = wrapper.xcdatamodel;
		};
/* End XCVersionGroup section */
	};
	rootObject = 1F12FAB71C3AABB9000AC1A3 /* Project object */;
}
